
Microsoft Visual Studio Solution File, Format Version 12.00
# Visual Studio Version 16
VisualStudioVersion = 16.0.30907.101
MinimumVisualStudioVersion = 10.0.40219.1
Project("{FAE04EC0-301F-11D3-BF4B-00C04F79EFBC}") = "Assignment4", "Assignment4.csproj", "{5912E2B9-E8FD-4436-8E04-DDFB4415DB73}"
EndProject
Global
	GlobalSection(SolutionConfigurationPlatforms) = preSolution
		Debug|Any CPU = Debug|Any CPU
		Release|Any CPU = Release|Any CPU
	EndGlobalSection
	GlobalSection(ProjectConfigurationPlatforms) = postSolution
		{5912E2B9-E8FD-4436-8E04-DDFB4415DB73}.Debug|Any CPU.ActiveCfg = Debug|Any CPU
		{5912E2B9-E8FD-4436-8E04-DDFB4415DB73}.Debug|Any CPU.Build.0 = Debug|Any CPU
		{5912E2B9-E8FD-4436-8E04-DDFB4415DB73}.Release|Any CPU.ActiveCfg = Release|Any CPU
		{5912E2B9-E8FD-4436-8E04-DDFB4415DB73}.Release|Any CPU.Build.0 = Release|Any CPU
	EndGlobalSection
	GlobalSection(SolutionProperties) = preSolution
		HideSolutionNode = FALSE
	EndGlobalSection
	GlobalSection(ExtensibilityGlobals) = postSolution
		SolutionGuid = {65A4CCC6-19C0-4115-AFF4-69E4490A09F4}
	EndGlobalSection
EndGlobal
